{"1.2.0",
[{<<"crc32cer">>,{pkg,<<"crc32cer">>,<<"0.1.8">>},1},
 {<<"kafka_protocol">>,{pkg,<<"kafka_protocol">>,<<"4.1.0">>},0},
 {<<"lc">>,{pkg,<<"lc">>,<<"0.3.2">>},0},
 {<<"replayq">>,{pkg,<<"replayq">>,<<"0.3.4">>},0},
 {<<"snabbkaffe">>,{pkg,<<"snabbkaffe">>,<<"1.0.1">>},1},
 {<<"telemetry">>,{pkg,<<"telemetry">>,<<"1.1.0">>},0}]}.
[
{pkg_hash,[
 {<<"crc32cer">>, <<"C6C2275C5FB60A95F4935D414F30B50EE9CFED494081C9B36EBB02EDFC2F48DB">>},
 {<<"kafka_protocol">>, <<"53FAC8866969484F783BFF204BD4E41E62A97CE9753C83F802A08D5BFC0E0C4C">>},
 {<<"lc">>, <<"51EEA2832670CBFE208E0C99D633758958AF2A63128BB321B78438370E1E7D56">>},
 {<<"replayq">>, <<"50BCECA778E6A239BBDCE6A9A70F7CA42BA8EDEE8121A432E8082447C73F98EF">>},
 {<<"snabbkaffe">>, <<"8E95CCBC90E1445C6B504D7980A35FE87E140BD694CED35851965B87D42BD882">>},
 {<<"telemetry">>, <<"A589817034A27EAB11144AD24D5C0F9FAB1F58173274B1E9BAE7074AF9CBEE51">>}]},
{pkg_hash_ext,[
 {<<"crc32cer">>, <<"251499085482920DEB6C9B7AADABF9FB4C432F96ADD97AB42AEE4501E5B6F591">>},
 {<<"kafka_protocol">>, <<"61CB8B80199BF95122CF8073E0F4C0AD62F82515B4D44C54F946A5972C3F5FA5">>},
 {<<"lc">>, <<"49CCD97659956869D78A0F4D580074C421DDDFAD664661BB724D03D08A971A12">>},
 {<<"replayq">>, <<"FC35B84D50AD9118974768936DA1DD321F023106A188C31800AE61EB45A094F7">>},
 {<<"snabbkaffe">>, <<"035812759963897B71EE69A11E8DFF93BBBB0F475055479A557DD3C4FD72FE33">>},
 {<<"telemetry">>, <<"B727B2A1F75614774CFF2D7565B64D0DFA5BD52BA517F16543E6FC7EFCC0DF48">>}]}
].
